
Microsoft Visual Studio Solution File, Format Version 12.00
# Visual Studio 15
VisualStudioVersion = 15.0.27130.2010
MinimumVisualStudioVersion = 10.0.40219.1
Project("{FAE04EC0-301F-11D3-BF4B-00C04F79EFBC}") = "Warlord.DataAccess", "Warlord.DataAccess\Warlord.DataAccess.csproj", "{DFBFB4FA-9048-484A-85D0-5D476D267365}"
EndProject
Project("{FAE04EC0-301F-11D3-BF4B-00C04F79EFBC}") = "Warlord.Model", "Warlord.Model\Warlord.Model.csproj", "{7CB45105-1590-4A68-8026-7BAFFE94CF98}"
EndProject
Project("{FAE04EC0-301F-11D3-BF4B-00C04F79EFBC}") = "Warlord", "Warlord\Warlord.csproj", "{075BBE01-4A74-4554-9459-4027BB180E86}"
EndProject
Global
	GlobalSection(SolutionConfigurationPlatforms) = preSolution
		Debug|Any CPU = Debug|Any CPU
		Debug|ARM = Debug|ARM
		Debug|x64 = Debug|x64
		Debug|x86 = Debug|x86
		Release|Any CPU = Release|Any CPU
		Release|ARM = Release|ARM
		Release|x64 = Release|x64
		Release|x86 = Release|x86
	EndGlobalSection
	GlobalSection(ProjectConfigurationPlatforms) = postSolution
		{DFBFB4FA-9048-484A-85D0-5D476D267365}.Debug|Any CPU.ActiveCfg = Debug|Any CPU
		{DFBFB4FA-9048-484A-85D0-5D476D267365}.Debug|Any CPU.Build.0 = Debug|Any CPU
		{DFBFB4FA-9048-484A-85D0-5D476D267365}.Debug|ARM.ActiveCfg = Debug|Any CPU
		{DFBFB4FA-9048-484A-85D0-5D476D267365}.Debug|ARM.Build.0 = Debug|Any CPU
		{DFBFB4FA-9048-484A-85D0-5D476D267365}.Debug|x64.ActiveCfg = Debug|Any CPU
		{DFBFB4FA-9048-484A-85D0-5D476D267365}.Debug|x64.Build.0 = Debug|Any CPU
		{DFBFB4FA-9048-484A-85D0-5D476D267365}.Debug|x86.ActiveCfg = Debug|Any CPU
		{DFBFB4FA-9048-484A-85D0-5D476D267365}.Debug|x86.Build.0 = Debug|Any CPU
		{DFBFB4FA-9048-484A-85D0-5D476D267365}.Release|Any CPU.ActiveCfg = Release|Any CPU
		{DFBFB4FA-9048-484A-85D0-5D476D267365}.Release|Any CPU.Build.0 = Release|Any CPU
		{DFBFB4FA-9048-484A-85D0-5D476D267365}.Release|ARM.ActiveCfg = Release|Any CPU
		{DFBFB4FA-9048-484A-85D0-5D476D267365}.Release|ARM.Build.0 = Release|Any CPU
		{DFBFB4FA-9048-484A-85D0-5D476D267365}.Release|x64.ActiveCfg = Release|Any CPU
		{DFBFB4FA-9048-484A-85D0-5D476D267365}.Release|x64.Build.0 = Release|Any CPU
		{DFBFB4FA-9048-484A-85D0-5D476D267365}.Release|x86.ActiveCfg = Release|Any CPU
		{DFBFB4FA-9048-484A-85D0-5D476D267365}.Release|x86.Build.0 = Release|Any CPU
		{7CB45105-1590-4A68-8026-7BAFFE94CF98}.Debug|Any CPU.ActiveCfg = Debug|Any CPU
		{7CB45105-1590-4A68-8026-7BAFFE94CF98}.Debug|Any CPU.Build.0 = Debug|Any CPU
		{7CB45105-1590-4A68-8026-7BAFFE94CF98}.Debug|ARM.ActiveCfg = Debug|Any CPU
		{7CB45105-1590-4A68-8026-7BAFFE94CF98}.Debug|ARM.Build.0 = Debug|Any CPU
		{7CB45105-1590-4A68-8026-7BAFFE94CF98}.Debug|x64.ActiveCfg = Debug|Any CPU
		{7CB45105-1590-4A68-8026-7BAFFE94CF98}.Debug|x64.Build.0 = Debug|Any CPU
		{7CB45105-1590-4A68-8026-7BAFFE94CF98}.Debug|x86.ActiveCfg = Debug|Any CPU
		{7CB45105-1590-4A68-8026-7BAFFE94CF98}.Debug|x86.Build.0 = Debug|Any CPU
		{7CB45105-1590-4A68-8026-7BAFFE94CF98}.Release|Any CPU.ActiveCfg = Release|Any CPU
		{7CB45105-1590-4A68-8026-7BAFFE94CF98}.Release|Any CPU.Build.0 = Release|Any CPU
		{7CB45105-1590-4A68-8026-7BAFFE94CF98}.Release|ARM.ActiveCfg = Release|Any CPU
		{7CB45105-1590-4A68-8026-7BAFFE94CF98}.Release|ARM.Build.0 = Release|Any CPU
		{7CB45105-1590-4A68-8026-7BAFFE94CF98}.Release|x64.ActiveCfg = Release|Any CPU
		{7CB45105-1590-4A68-8026-7BAFFE94CF98}.Release|x64.Build.0 = Release|Any CPU
		{7CB45105-1590-4A68-8026-7BAFFE94CF98}.Release|x86.ActiveCfg = Release|Any CPU
		{7CB45105-1590-4A68-8026-7BAFFE94CF98}.Release|x86.Build.0 = Release|Any CPU
		{075BBE01-4A74-4554-9459-4027BB180E86}.Debug|Any CPU.ActiveCfg = Debug|Any CPU
		{075BBE01-4A74-4554-9459-4027BB180E86}.Debug|Any CPU.Build.0 = Debug|Any CPU
		{075BBE01-4A74-4554-9459-4027BB180E86}.Debug|ARM.ActiveCfg = Debug|Any CPU
		{075BBE01-4A74-4554-9459-4027BB180E86}.Debug|ARM.Build.0 = Debug|Any CPU
		{075BBE01-4A74-4554-9459-4027BB180E86}.Debug|x64.ActiveCfg = Debug|Any CPU
		{075BBE01-4A74-4554-9459-4027BB180E86}.Debug|x64.Build.0 = Debug|Any CPU
		{075BBE01-4A74-4554-9459-4027BB180E86}.Debug|x86.ActiveCfg = Debug|Any CPU
		{075BBE01-4A74-4554-9459-4027BB180E86}.Debug|x86.Build.0 = Debug|Any CPU
		{075BBE01-4A74-4554-9459-4027BB180E86}.Release|Any CPU.ActiveCfg = Release|Any CPU
		{075BBE01-4A74-4554-9459-4027BB180E86}.Release|Any CPU.Build.0 = Release|Any CPU
		{075BBE01-4A74-4554-9459-4027BB180E86}.Release|ARM.ActiveCfg = Release|Any CPU
		{075BBE01-4A74-4554-9459-4027BB180E86}.Release|ARM.Build.0 = Release|Any CPU
		{075BBE01-4A74-4554-9459-4027BB180E86}.Release|x64.ActiveCfg = Release|Any CPU
		{075BBE01-4A74-4554-9459-4027BB180E86}.Release|x64.Build.0 = Release|Any CPU
		{075BBE01-4A74-4554-9459-4027BB180E86}.Release|x86.ActiveCfg = Release|Any CPU
		{075BBE01-4A74-4554-9459-4027BB180E86}.Release|x86.Build.0 = Release|Any CPU
	EndGlobalSection
	GlobalSection(SolutionProperties) = preSolution
		HideSolutionNode = FALSE
	EndGlobalSection
	GlobalSection(ExtensibilityGlobals) = postSolution
		SolutionGuid = {8167C91C-8DDA-4811-9006-6B8EBA89DCA8}
	EndGlobalSection
EndGlobal
